<?xml version="1.0" encoding="utf-8"?>
<Project ToolsVersion="4.0" xmlns="http://schemas.microsoft.com/developer/msbuild/2003">
  <ItemGroup>
    <Filter Include="Source Files">
      <UniqueIdentifier>{4FC737F1-C7A5-4376-A066-2A32D752A2FF}</UniqueIdentifier>
      <Extensions>cpp;c;cc;cxx;c++;cppm;ixx;def;odl;idl;hpj;bat;asm;asmx</Extensions>
    </Filter>
    <Filter Include="Header Files">
      <UniqueIdentifier>{93995380-89BD-4b04-88EB-625FBE52EBFB}</UniqueIdentifier>
      <Extensions>h;hh;hpp;hxx;h++;hm;inl;inc;ipp;xsd</Extensions>
    </Filter>
    <Filter Include="Resource Files">
      <UniqueIdentifier>{67DA6AB6-F800-4c08-8B7A-83BB121AAD01}</UniqueIdentifier>
      <Extensions>rc;ico;cur;bmp;dlg;rc2;rct;bin;rgs;gif;jpg;jpeg;jpe;resx;tiff;tif;png;wav;mfcribbon-ms</Extensions>
    </Filter>
  </ItemGroup>
  <ItemGroup>
    <ClCompile Include="Projekt_Hotel.cpp">
      <Filter>Source Files</Filter>
    </ClCompile>
    <ClCompile Include="classes\Admin.cpp">
      <Filter>Source Files</Filter>
    </ClCompile>
    <ClCompile Include="classes\Klient.cpp">
      <Filter>Source Files</Filter>
    </ClCompile>
    <ClCompile Include="classes\osoba.cpp">
      <Filter>Source Files</Filter>
    </ClCompile>
    <ClCompile Include="classes\Pokój.cpp">
      <Filter>Source Files</Filter>
    </ClCompile>
    <ClCompile Include="classes\Recepcjonistka.cpp">
      <Filter>Source Files</Filter>
    </ClCompile>
    <ClCompile Include="classes\Rezerwacja.cpp">
      <Filter>Source Files</Filter>
    </ClCompile>
    <ClCompile Include="classes\zameldowanie.cpp">
      <Filter>Source Files</Filter>
    </ClCompile>
    <ClCompile Include="menu_gui.cpp">
      <Filter>Source Files</Filter>
    </ClCompile>
    <ClCompile Include="classes\BookIn.cpp">
      <Filter>Source Files</Filter>
    </ClCompile>
    <ClCompile Include="classes\Customer.cpp">
      <Filter>Source Files</Filter>
    </ClCompile>
    <ClCompile Include="classes\Person.cpp">
      <Filter>Source Files</Filter>
    </ClCompile>
    <ClCompile Include="classes\Receptionist.cpp">
      <Filter>Source Files</Filter>
    </ClCompile>
    <ClCompile Include="classes\Reservation.cpp">
      <Filter>Source Files</Filter>
    </ClCompile>
    <ClCompile Include="classes\Room.cpp">
      <Filter>Source Files</Filter>
    </ClCompile>
  </ItemGroup>
  <ItemGroup>
    <Image Include="schematy\anulowanie rezerwacji.jpg">
      <Filter>Resource Files</Filter>
    </Image>
    <Image Include="schematy\anuluj rezerwację Sequence Diagram.jpg">
      <Filter>Resource Files</Filter>
    </Image>
    <Image Include="schematy\Class Diagram1.jpg">
      <Filter>Resource Files</Filter>
    </Image>
    <Image Include="schematy\dodaj pokój.jpg">
      <Filter>Resource Files</Filter>
    </Image>
    <Image Include="schematy\dokonaj płatności Sequence Diagram.jpg">
      <Filter>Resource Files</Filter>
    </Image>
    <Image Include="schematy\Dokonaj płatności.jpg">
      <Filter>Resource Files</Filter>
    </Image>
    <Image Include="schematy\HHotel.jpg">
      <Filter>Resource Files</Filter>
    </Image>
    <Image Include="schematy\logowanie.jpg">
      <Filter>Resource Files</Filter>
    </Image>
    <Image Include="schematy\Requirement Diagram1.jpg">
      <Filter>Resource Files</Filter>
    </Image>
    <Image Include="schematy\rezerwacja Sequence Diagram.jpg">
      <Filter>Resource Files</Filter>
    </Image>
    <Image Include="schematy\Rezerwacja.jpg">
      <Filter>Resource Files</Filter>
    </Image>
    <Image Include="schematy\Sprawdzenie dostępności.jpg">
      <Filter>Resource Files</Filter>
    </Image>
    <Image Include="schematy\sprawdź dostępność Sequence Diagram.jpg">
      <Filter>Resource Files</Filter>
    </Image>
    <Image Include="schematy\usuwanie.jpg">
      <Filter>Resource Files</Filter>
    </Image>
    <Image Include="schematy\usuwanie_dopisywanie pokoi Sequence Diagram.jpg">
      <Filter>Resource Files</Filter>
    </Image>
    <Image Include="schematy\usuwanie_dopisywanie pokoi Sequence Diagram2.jpg">
      <Filter>Resource Files</Filter>
    </Image>
    <Image Include="schematy\wprowadź dane personalne.jpg">
      <Filter>Resource Files</Filter>
    </Image>
    <Image Include="schematy\wyloguj.jpg">
      <Filter>Resource Files</Filter>
    </Image>
    <Image Include="schematy\wymeldowanie.jpg">
      <Filter>Resource Files</Filter>
    </Image>
    <Image Include="schematy\wymelduj Sequence Diagram.jpg">
      <Filter>Resource Files</Filter>
    </Image>
    <Image Include="schematy\zaloguj Sequence Diagram.jpg">
      <Filter>Resource Files</Filter>
    </Image>
    <Image Include="schematy\załóż konto .jpg">
      <Filter>Resource Files</Filter>
    </Image>
    <Image Include="schematy\załóż konto Sequence Diagram.jpg">
      <Filter>Resource Files</Filter>
    </Image>
    <Image Include="schematy\zameldowanie.jpg">
      <Filter>Resource Files</Filter>
    </Image>
    <Image Include="schematy\zamelduj Sequence Diagram.jpg">
      <Filter>Resource Files</Filter>
    </Image>
    <Image Include="schematy\zmień dane Sequence Diagram.jpg">
      <Filter>Resource Files</Filter>
    </Image>
    <Image Include="schematy\Zmień dane.jpg">
      <Filter>Resource Files</Filter>
    </Image>
    <Image Include="schematy\zmień hasło Sequence Diagram.jpg">
      <Filter>Resource Files</Filter>
    </Image>
    <Image Include="schematy\zmień hasło.jpg">
      <Filter>Resource Files</Filter>
    </Image>
  </ItemGroup>
  <ItemGroup>
    <ClInclude Include="classes\Admin.h">
      <Filter>Header Files</Filter>
    </ClInclude>
    <ClInclude Include="classes\Klient.h">
      <Filter>Header Files</Filter>
    </ClInclude>
    <ClInclude Include="classes\osoba.h">
      <Filter>Header Files</Filter>
    </ClInclude>
    <ClInclude Include="classes\Pokój.h">
      <Filter>Header Files</Filter>
    </ClInclude>
    <ClInclude Include="classes\Recepcjonistka.h">
      <Filter>Header Files</Filter>
    </ClInclude>
    <ClInclude Include="classes\Rezerwacja.h">
      <Filter>Header Files</Filter>
    </ClInclude>
    <ClInclude Include="classes\zameldowanie.h">
      <Filter>Header Files</Filter>
    </ClInclude>
    <ClInclude Include="include.h">
      <Filter>Header Files</Filter>
    </ClInclude>
    <ClInclude Include="classes\BookIn.h">
      <Filter>Header Files</Filter>
    </ClInclude>
    <ClInclude Include="classes\Customer.h">
      <Filter>Header Files</Filter>
    </ClInclude>
    <ClInclude Include="classes\Person.h">
      <Filter>Header Files</Filter>
    </ClInclude>
    <ClInclude Include="classes\Receptionist.h">
      <Filter>Header Files</Filter>
    </ClInclude>
    <ClInclude Include="classes\Reservation.h">
      <Filter>Header Files</Filter>
    </ClInclude>
    <ClInclude Include="classes\Room.h">
      <Filter>Header Files</Filter>
    </ClInclude>
  </ItemGroup>
</Project>